
Microsoft Visual Studio Solution File, Format Version 12.00
# Visual Studio 15
VisualStudioVersion = 15.0.28010.2046
MinimumVisualStudioVersion = 10.0.40219.1
Project("{FAE04EC0-301F-11D3-BF4B-00C04F79EFBC}") = "ArkanoidJS-LevelEditor", "ArkanoidJS-LevelEditor\ArkanoidJS-LevelEditor.csproj", "{9C42D79D-D826-4165-92B8-DE2D8D392933}"
EndProject
Global
	GlobalSection(SolutionConfigurationPlatforms) = preSolution
		Debug|Any CPU = Debug|Any CPU
		Release|Any CPU = Release|Any CPU
	EndGlobalSection
	GlobalSection(ProjectConfigurationPlatforms) = postSolution
		{9C42D79D-D826-4165-92B8-DE2D8D392933}.Debug|Any CPU.ActiveCfg = Debug|Any CPU
		{9C42D79D-D826-4165-92B8-DE2D8D392933}.Debug|Any CPU.Build.0 = Debug|Any CPU
		{9C42D79D-D826-4165-92B8-DE2D8D392933}.Release|Any CPU.ActiveCfg = Release|Any CPU
		{9C42D79D-D826-4165-92B8-DE2D8D392933}.Release|Any CPU.Build.0 = Release|Any CPU
	EndGlobalSection
	GlobalSection(SolutionProperties) = preSolution
		HideSolutionNode = FALSE
	EndGlobalSection
	GlobalSection(ExtensibilityGlobals) = postSolution
		SolutionGuid = {377D4EE4-A843-4539-9C8B-8311EE415952}
	EndGlobalSection
EndGlobal
